
Microsoft Visual Studio Solution File, Format Version 12.00
# Visual Studio Version 16
Project("{2150E333-8FDC-42A3-9474-1A3956D46DE8}") = "CMakePredefinedTargets", "CMakePredefinedTargets", "{079B7C63-EA75-3238-BA03-B1DFCB9330D5}"
EndProject
Project("{8BC9CEB8-8B4A-11D0-8D11-00A0C91BC942}") = "ALL_BUILD", "ALL_BUILD.vcxproj", "{C46698BC-2F21-3054-9E5D-A1A8AC41AFC8}"
	ProjectSection(ProjectDependencies) = postProject
		{E96F5736-D0D9-3245-8929-91A7354D98B1} = {E96F5736-D0D9-3245-8929-91A7354D98B1}
		{DE657E0F-E4A0-3363-B0A3-CDEC40D8A266} = {DE657E0F-E4A0-3363-B0A3-CDEC40D8A266}
		{FC26B0D7-0D5B-3CB3-9AE5-F4A4F131943B} = {FC26B0D7-0D5B-3CB3-9AE5-F4A4F131943B}
	EndProjectSection
EndProject
Project("{8BC9CEB8-8B4A-11D0-8D11-00A0C91BC942}") = "INSTALL", "INSTALL.vcxproj", "{A250C494-4E57-3115-9890-F6A8C83823C6}"
	ProjectSection(ProjectDependencies) = postProject
		{C46698BC-2F21-3054-9E5D-A1A8AC41AFC8} = {C46698BC-2F21-3054-9E5D-A1A8AC41AFC8}
		{E96F5736-D0D9-3245-8929-91A7354D98B1} = {E96F5736-D0D9-3245-8929-91A7354D98B1}
	EndProjectSection
EndProject
Project("{8BC9CEB8-8B4A-11D0-8D11-00A0C91BC942}") = "ZERO_CHECK", "..\..\..\..\\ZERO_CHECK.vcxproj", "{E96F5736-D0D9-3245-8929-91A7354D98B1}"
	ProjectSection(ProjectDependencies) = postProject
	EndProjectSection
EndProject
Project("{8BC9CEB8-8B4A-11D0-8D11-00A0C91BC942}") = "zlib", "zlib.vcxproj", "{DE657E0F-E4A0-3363-B0A3-CDEC40D8A266}"
	ProjectSection(ProjectDependencies) = postProject
		{E96F5736-D0D9-3245-8929-91A7354D98B1} = {E96F5736-D0D9-3245-8929-91A7354D98B1}
	EndProjectSection
EndProject
Project("{8BC9CEB8-8B4A-11D0-8D11-00A0C91BC942}") = "zlibstatic", "zlibstatic.vcxproj", "{FC26B0D7-0D5B-3CB3-9AE5-F4A4F131943B}"
	ProjectSection(ProjectDependencies) = postProject
		{E96F5736-D0D9-3245-8929-91A7354D98B1} = {E96F5736-D0D9-3245-8929-91A7354D98B1}
	EndProjectSection
EndProject
Global
	GlobalSection(SolutionConfigurationPlatforms) = preSolution
		Debug|x64 = Debug|x64
		Release|x64 = Release|x64
		MinSizeRel|x64 = MinSizeRel|x64
		RelWithDebInfo|x64 = RelWithDebInfo|x64
	EndGlobalSection
	GlobalSection(ProjectConfigurationPlatforms) = postSolution
		{C46698BC-2F21-3054-9E5D-A1A8AC41AFC8}.Debug|x64.ActiveCfg = Debug|x64
		{C46698BC-2F21-3054-9E5D-A1A8AC41AFC8}.Debug|x64.Build.0 = Debug|x64
		{C46698BC-2F21-3054-9E5D-A1A8AC41AFC8}.Release|x64.ActiveCfg = Release|x64
		{C46698BC-2F21-3054-9E5D-A1A8AC41AFC8}.Release|x64.Build.0 = Release|x64
		{C46698BC-2F21-3054-9E5D-A1A8AC41AFC8}.MinSizeRel|x64.ActiveCfg = MinSizeRel|x64
		{C46698BC-2F21-3054-9E5D-A1A8AC41AFC8}.MinSizeRel|x64.Build.0 = MinSizeRel|x64
		{C46698BC-2F21-3054-9E5D-A1A8AC41AFC8}.RelWithDebInfo|x64.ActiveCfg = RelWithDebInfo|x64
		{C46698BC-2F21-3054-9E5D-A1A8AC41AFC8}.RelWithDebInfo|x64.Build.0 = RelWithDebInfo|x64
		{A250C494-4E57-3115-9890-F6A8C83823C6}.Debug|x64.ActiveCfg = Debug|x64
		{A250C494-4E57-3115-9890-F6A8C83823C6}.Release|x64.ActiveCfg = Release|x64
		{A250C494-4E57-3115-9890-F6A8C83823C6}.MinSizeRel|x64.ActiveCfg = MinSizeRel|x64
		{A250C494-4E57-3115-9890-F6A8C83823C6}.RelWithDebInfo|x64.ActiveCfg = RelWithDebInfo|x64
		{E96F5736-D0D9-3245-8929-91A7354D98B1}.Debug|x64.ActiveCfg = Debug|x64
		{E96F5736-D0D9-3245-8929-91A7354D98B1}.Debug|x64.Build.0 = Debug|x64
		{E96F5736-D0D9-3245-8929-91A7354D98B1}.Release|x64.ActiveCfg = Release|x64
		{E96F5736-D0D9-3245-8929-91A7354D98B1}.Release|x64.Build.0 = Release|x64
		{E96F5736-D0D9-3245-8929-91A7354D98B1}.MinSizeRel|x64.ActiveCfg = MinSizeRel|x64
		{E96F5736-D0D9-3245-8929-91A7354D98B1}.MinSizeRel|x64.Build.0 = MinSizeRel|x64
		{E96F5736-D0D9-3245-8929-91A7354D98B1}.RelWithDebInfo|x64.ActiveCfg = RelWithDebInfo|x64
		{E96F5736-D0D9-3245-8929-91A7354D98B1}.RelWithDebInfo|x64.Build.0 = RelWithDebInfo|x64
		{DE657E0F-E4A0-3363-B0A3-CDEC40D8A266}.Debug|x64.ActiveCfg = Debug|x64
		{DE657E0F-E4A0-3363-B0A3-CDEC40D8A266}.Debug|x64.Build.0 = Debug|x64
		{DE657E0F-E4A0-3363-B0A3-CDEC40D8A266}.Release|x64.ActiveCfg = Release|x64
		{DE657E0F-E4A0-3363-B0A3-CDEC40D8A266}.Release|x64.Build.0 = Release|x64
		{DE657E0F-E4A0-3363-B0A3-CDEC40D8A266}.MinSizeRel|x64.ActiveCfg = MinSizeRel|x64
		{DE657E0F-E4A0-3363-B0A3-CDEC40D8A266}.MinSizeRel|x64.Build.0 = MinSizeRel|x64
		{DE657E0F-E4A0-3363-B0A3-CDEC40D8A266}.RelWithDebInfo|x64.ActiveCfg = RelWithDebInfo|x64
		{DE657E0F-E4A0-3363-B0A3-CDEC40D8A266}.RelWithDebInfo|x64.Build.0 = RelWithDebInfo|x64
		{FC26B0D7-0D5B-3CB3-9AE5-F4A4F131943B}.Debug|x64.ActiveCfg = Debug|x64
		{FC26B0D7-0D5B-3CB3-9AE5-F4A4F131943B}.Debug|x64.Build.0 = Debug|x64
		{FC26B0D7-0D5B-3CB3-9AE5-F4A4F131943B}.Release|x64.ActiveCfg = Release|x64
		{FC26B0D7-0D5B-3CB3-9AE5-F4A4F131943B}.Release|x64.Build.0 = Release|x64
		{FC26B0D7-0D5B-3CB3-9AE5-F4A4F131943B}.MinSizeRel|x64.ActiveCfg = MinSizeRel|x64
		{FC26B0D7-0D5B-3CB3-9AE5-F4A4F131943B}.MinSizeRel|x64.Build.0 = MinSizeRel|x64
		{FC26B0D7-0D5B-3CB3-9AE5-F4A4F131943B}.RelWithDebInfo|x64.ActiveCfg = RelWithDebInfo|x64
		{FC26B0D7-0D5B-3CB3-9AE5-F4A4F131943B}.RelWithDebInfo|x64.Build.0 = RelWithDebInfo|x64
	EndGlobalSection
	GlobalSection(NestedProjects) = preSolution
		{C46698BC-2F21-3054-9E5D-A1A8AC41AFC8} = {079B7C63-EA75-3238-BA03-B1DFCB9330D5}
		{A250C494-4E57-3115-9890-F6A8C83823C6} = {079B7C63-EA75-3238-BA03-B1DFCB9330D5}
		{E96F5736-D0D9-3245-8929-91A7354D98B1} = {079B7C63-EA75-3238-BA03-B1DFCB9330D5}
	EndGlobalSection
	GlobalSection(ExtensibilityGlobals) = postSolution
		SolutionGuid = {31CE9CFD-519C-3E08-8429-E608989FFF6D}
	EndGlobalSection
	GlobalSection(ExtensibilityAddIns) = postSolution
	EndGlobalSection
EndGlobal
